{
  "name": "your-project-name",
  "version": "1.0.0",
  "lockfileVersion": 2,
  "requires": true,
  "packages": {
    "": {
      "name": "your-project-name",
      "version": "1.0.0",
      "dependencies": {
        "@dataform/core": "3.0.38"
      }
    },
    "node_modules/@dataform/core": {
      "version": "3.0.38",
      "resolved": "https://registry.npmjs.org/@dataform/core/-/core-3.0.38.tgz",
      "integrity": "sha512-f1zQ6J6Y/3+tKGirtCXdhXbayrapL1ZqFal2kh/Ukip8uRW+MsYQWarGf50UNSQPGHSSE+Xd85UawRABBoPmXw=="
    }
  },
  "dependencies": {
    "@dataform/core": {
      "version": "3.0.38",
      "resolved": "https://registry.npmjs.org/@dataform/core/-/core-3.0.38.tgz",
      "integrity": "sha512-f1zQ6J6Y/3+tKGirtCXdhXbayrapL1ZqFal2kh/Ukip8uRW+MsYQWarGf50UNSQPGHSSE+Xd85UawRABBoPmXw=="
    }
  }
}
